
Microsoft Visual Studio Solution File, Format Version 12.00
# Visual Studio for Mac
Project("{FAE04EC0-301F-11D3-BF4B-00C04F79EFBC}") = "vuforiaadvanced", "vuforiaadvanced.csproj", "{DFF2E9C1-DB1D-74E9-0FC3-531F665FCD1D}"
EndProject
Project("{FAE04EC0-301F-11D3-BF4B-00C04F79EFBC}") = "vuforiaadvanced.Editor", "vuforiaadvanced.Editor.csproj", "{8EE81556-46CA-B9A5-46CD-CC67D4C637B6}"
EndProject
Global
	GlobalSection(SolutionConfigurationPlatforms) = preSolution
		Debug|Any CPU = Debug|Any CPU
		Release|Any CPU = Release|Any CPU
	EndGlobalSection
	GlobalSection(ProjectConfigurationPlatforms) = postSolution
		{DFF2E9C1-DB1D-74E9-0FC3-531F665FCD1D}.Debug|Any CPU.ActiveCfg = Debug|Any CPU
		{DFF2E9C1-DB1D-74E9-0FC3-531F665FCD1D}.Debug|Any CPU.Build.0 = Debug|Any CPU
		{DFF2E9C1-DB1D-74E9-0FC3-531F665FCD1D}.Release|Any CPU.ActiveCfg = Release|Any CPU
		{DFF2E9C1-DB1D-74E9-0FC3-531F665FCD1D}.Release|Any CPU.Build.0 = Release|Any CPU
		{8EE81556-46CA-B9A5-46CD-CC67D4C637B6}.Debug|Any CPU.ActiveCfg = Debug|Any CPU
		{8EE81556-46CA-B9A5-46CD-CC67D4C637B6}.Debug|Any CPU.Build.0 = Debug|Any CPU
		{8EE81556-46CA-B9A5-46CD-CC67D4C637B6}.Release|Any CPU.ActiveCfg = Release|Any CPU
		{8EE81556-46CA-B9A5-46CD-CC67D4C637B6}.Release|Any CPU.Build.0 = Release|Any CPU
	EndGlobalSection
	GlobalSection(SolutionProperties) = preSolution
		HideSolutionNode = FALSE
	EndGlobalSection
EndGlobal
